
Microsoft Visual Studio Solution File, Format Version 12.00
# Visual Studio Version 17
VisualStudioVersion = 17.8.34322.80
MinimumVisualStudioVersion = 10.0.40219.1
Project("{FAE04EC0-301F-11D3-BF4B-00C04F79EFBC}") = "Nexus.Server", "Nexus.Server\Nexus.Server.csproj", "{61044C22-BADD-42E7-A61C-D63EC415674B}"
EndProject
Project("{54A90642-561A-4BB1-A94E-469ADEE60C69}") = "nexus.client", "nexus.client\nexus.client.esproj", "{576AB200-387C-48B1-BEA7-0DF77B716C33}"
EndProject
Global
	GlobalSection(SolutionConfigurationPlatforms) = preSolution
		Debug|Any CPU = Debug|Any CPU
		Release|Any CPU = Release|Any CPU
	EndGlobalSection
	GlobalSection(ProjectConfigurationPlatforms) = postSolution
		{61044C22-BADD-42E7-A61C-D63EC415674B}.Debug|Any CPU.ActiveCfg = Debug|Any CPU
		{61044C22-BADD-42E7-A61C-D63EC415674B}.Debug|Any CPU.Build.0 = Debug|Any CPU
		{61044C22-BADD-42E7-A61C-D63EC415674B}.Release|Any CPU.ActiveCfg = Release|Any CPU
		{61044C22-BADD-42E7-A61C-D63EC415674B}.Release|Any CPU.Build.0 = Release|Any CPU
		{576AB200-387C-48B1-BEA7-0DF77B716C33}.Debug|Any CPU.ActiveCfg = Debug|Any CPU
		{576AB200-387C-48B1-BEA7-0DF77B716C33}.Debug|Any CPU.Build.0 = Debug|Any CPU
		{576AB200-387C-48B1-BEA7-0DF77B716C33}.Debug|Any CPU.Deploy.0 = Debug|Any CPU
		{576AB200-387C-48B1-BEA7-0DF77B716C33}.Release|Any CPU.ActiveCfg = Release|Any CPU
		{576AB200-387C-48B1-BEA7-0DF77B716C33}.Release|Any CPU.Build.0 = Release|Any CPU
		{576AB200-387C-48B1-BEA7-0DF77B716C33}.Release|Any CPU.Deploy.0 = Release|Any CPU
	EndGlobalSection
	GlobalSection(SolutionProperties) = preSolution
		HideSolutionNode = FALSE
	EndGlobalSection
	GlobalSection(ExtensibilityGlobals) = postSolution
		SolutionGuid = {76343F52-A61B-4FDD-A098-F78B3B86291D}
	EndGlobalSection
EndGlobal
