{
  "name": "Nexus",
  "lockfileVersion": 3,
  "requires": true,
  "packages": {
    "": {
      "dependencies": {
        "remixicon": "^3.6.0"
      }
    },
    "node_modules/remixicon": {
      "version": "3.6.0",
      "resolved": "https://registry.npmjs.org/remixicon/-/remixicon-3.6.0.tgz",
      "integrity": "sha512-+IEL/cPimpAhvg7o24Pwyd3v+R0/j0p0WK4MHJUfv/HrsHJ0LElnbMFY8l+Uu/xDBzFIvGB64towtEnAkK9obg=="
    }
  }
}
